Microsoft Visual Studio Solution File, Format Version 11.00
# Visual Studio 2017

Project("{8BC9CEB8-8B4A-11D0-8D11-00A0C91BC942}") = "SoundFilePlayer - App", "SoundFilePlayer_App.vcxproj", "{3E726F8B-F9B8-C37D-7FF4-2A7AC870CC18}"
EndProject
Global
	GlobalSection(SolutionConfigurationPlatforms) = preSolution
		Debug|x64 = Debug|x64
		Release|x64 = Release|x64
	EndGlobalSection
	GlobalSection(ProjectConfigurationPlatforms) = postSolution
		{3E726F8B-F9B8-C37D-7FF4-2A7AC870CC18}.Debug|x64.ActiveCfg = Debug|x64
		{3E726F8B-F9B8-C37D-7FF4-2A7AC870CC18}.Debug|x64.Build.0 = Debug|x64
		{3E726F8B-F9B8-C37D-7FF4-2A7AC870CC18}.Release|x64.ActiveCfg = Release|x64
		{3E726F8B-F9B8-C37D-7FF4-2A7AC870CC18}.Release|x64.Build.0 = Release|x64
	EndGlobalSection
	GlobalSection(SolutionProperties) = preSolution
		HideSolutionNode = FALSE
	EndGlobalSection
EndGlobal
